// !$*UTF8*$!
{
	archiveVersion = 1;
	classes = {
	};
	objectVersion = 46;
	objects = {

/* Begin PBXBuildFile section */
		C061573E196A783C00F9F3E9 /* AppDelegate.swift in Sources */ = {isa = PBXBuildFile; fileRef = C061573D196A783C00F9F3E9 /* AppDelegate.swift */; };
		C0615745196A783C00F9F3E9 /* Main.storyboard in Resources */ = {isa = PBXBuildFile; fileRef = C0615743196A783C00F9F3E9 /* Main.storyboard */; };
		C0615747196A783C00F9F3E9 /* Images.xcassets in Resources */ = {isa = PBXBuildFile; fileRef = C0615746196A783C00F9F3E9 /* Images.xcassets */; };
		C0615753196A783C00F9F3E9 /* SampleApiCallTests.swift in Sources */ = {isa = PBXBuildFile; fileRef = C0615752196A783C00F9F3E9 /* SampleApiCallTests.swift */; };
		C061575D196A798000F9F3E9 /* SearchViewController.swift in Sources */ = {isa = PBXBuildFile; fileRef = C061575C196A798000F9F3E9 /* SearchViewController.swift */; };
/* End PBXBuildFile section */

/* Begin PBXContainerItemProxy section */
		C061574D196A783C00F9F3E9 /* PBXContainerItemProxy */ = {
			isa = PBXContainerItemProxy;
			containerPortal = C0615730196A783C00F9F3E9 /* Project object */;
			proxyType = 1;
			remoteGlobalIDString = C0615737196A783C00F9F3E9;
			remoteInfo = SampleApiCall;
		};
/* End PBXContainerItemProxy section */

/* Begin PBXFileReference section */
		C0615738196A783C00F9F3E9 /* SampleApiCall.app */ = {isa = PBXFileReference; explicitFileType = wrapper.application; includeInIndex = 0; path = SampleApiCall.app; sourceTree = BUILT_PRODUCTS_DIR; };
		C061573C196A783C00F9F3E9 /* Info.plist */ = {isa = PBXFileReference; lastKnownFileType = text.plist.xml; path = Info.plist; sourceTree = "<group>"; };
		C061573D196A783C00F9F3E9 /* AppDelegate.swift */ = {isa = PBXFileReference; lastKnownFileType = sourcecode.swift; path = AppDelegate.swift; sourceTree = "<group>"; };
		C0615744196A783C00F9F3E9 /* Base */ = {isa = PBXFileReference; lastKnownFileType = file.storyboard; name = Base; path = Base.lproj/Main.storyboard; sourceTree = "<group>"; };
		C0615746196A783C00F9F3E9 /* Images.xcassets */ = {isa = PBXFileReference; lastKnownFileType = folder.assetcatalog; path = Images.xcassets; sourceTree = "<group>"; };
		C061574C196A783C00F9F3E9 /* SampleApiCallTests.xctest */ = {isa = PBXFileReference; explicitFileType = wrapper.cfbundle; includeInIndex = 0; path = SampleApiCallTests.xctest; sourceTree = BUILT_PRODUCTS_DIR; };
		C0615751196A783C00F9F3E9 /* Info.plist */ = {isa = PBXFileReference; lastKnownFileType = text.plist.xml; path = Info.plist; sourceTree = "<group>"; };
		C0615752196A783C00F9F3E9 /* SampleApiCallTests.swift */ = {isa = PBXFileReference; lastKnownFileType = sourcecode.swift; path = SampleApiCallTests.swift; sourceTree = "<group>"; };
		C061575C196A798000F9F3E9 /* SearchViewController.swift */ = {isa = PBXFileReference; fileEncoding = 4; lastKnownFileType = sourcecode.swift; path = SearchViewController.swift; sourceTree = "<group>"; };
/* End PBXFileReference section */

/* Begin PBXFrameworksBuildPhase section */
		C0615735196A783C00F9F3E9 /* Frameworks */ = {
			isa = PBXFrameworksBuildPhase;
			buildActionMask = 2147483647;
			files = (
			);
			runOnlyForDeploymentPostprocessing = 0;
		};
		C0615749196A783C00F9F3E9 /* Frameworks */ = {
			isa = PBXFrameworksBuildPhase;
			buildActionMask = 2147483647;
			files = (
			);
			runOnlyForDeploymentPostprocessing = 0;
		};
/* End PBXFrameworksBuildPhase section */

/* Begin PBXGroup section */
		C061572F196A783C00F9F3E9 = {
			isa = PBXGroup;
			children = (
				C061573A196A783C00F9F3E9 /* SampleApiCall */,
				C061574F196A783C00F9F3E9 /* SampleApiCallTests */,
				C0615739196A783C00F9F3E9 /* Products */,
			);
			sourceTree = "<group>";
		};
		C0615739196A783C00F9F3E9 /* Products */ = {
			isa = PBXGroup;
			children = (
				C0615738196A783C00F9F3E9 /* SampleApiCall.app */,
				C061574C196A783C00F9F3E9 /* SampleApiCallTests.xctest */,
			);
			name = Products;
			sourceTree = "<group>";
		};
		C061573A196A783C00F9F3E9 /* SampleApiCall */ = {
			isa = PBXGroup;
			children = (
				C061573D196A783C00F9F3E9 /* AppDelegate.swift */,
				C061575C196A798000F9F3E9 /* SearchViewController.swift */,
				C0615743196A783C00F9F3E9 /* Main.storyboard */,
				C0615746196A783C00F9F3E9 /* Images.xcassets */,
				C061573B196A783C00F9F3E9 /* Supporting Files */,
			);
			path = SampleApiCall;
			sourceTree = "<group>";
		};
		C061573B196A783C00F9F3E9 /* Supporting Files */ = {
			isa = PBXGroup;
			children = (
				C061573C196A783C00F9F3E9 /* Info.plist */,
			);
			name = "Supporting Files";
			sourceTree = "<group>";
		};
		C061574F196A783C00F9F3E9 /* SampleApiCallTests */ = {
			isa = PBXGroup;
			children = (
				C0615752196A783C00F9F3E9 /* SampleApiCallTests.swift */,
				C0615750196A783C00F9F3E9 /* Supporting Files */,
			);
			path = SampleApiCallTests;
			sourceTree = "<group>";
		};
		C0615750196A783C00F9F3E9 /* Supporting Files */ = {
			isa = PBXGroup;
			children = (
				C0615751196A783C00F9F3E9 /* Info.plist */,
			);
			name = "Supporting Files";
			sourceTree = "<group>";
		};
/* End PBXGroup section */

/* Begin PBXNativeTarget section */
		C0615737196A783C00F9F3E9 /* SampleApiCall */ = {
			isa = PBXNativeTarget;
			buildConfigurationList = C0615756196A783C00F9F3E9 /* Build configuration list for PBXNativeTarget "SampleApiCall" */;
			buildPhases = (
				C0615734196A783C00F9F3E9 /* Sources */,
				C0615735196A783C00F9F3E9 /* Frameworks */,
				C0615736196A783C00F9F3E9 /* Resources */,
			);
			buildRules = (
			);
			dependencies = (
			);
			name = SampleApiCall;
			productName = SampleApiCall;
			productReference = C0615738196A783C00F9F3E9 /* SampleApiCall.app */;
			productType = "com.apple.product-type.application";
		};
		C061574B196A783C00F9F3E9 /* SampleApiCallTests */ = {
			isa = PBXNativeTarget;
			buildConfigurationList = C0615759196A783C00F9F3E9 /* Build configuration list for PBXNativeTarget "SampleApiCallTests" */;
			buildPhases = (
				C0615748196A783C00F9F3E9 /* Sources */,
				C0615749196A783C00F9F3E9 /* Frameworks */,
				C061574A196A783C00F9F3E9 /* Resources */,
			);
			buildRules = (
			);
			dependencies = (
				C061574E196A783C00F9F3E9 /* PBXTargetDependency */,
			);
			name = SampleApiCallTests;
			productName = SampleApiCallTests;
			productReference = C061574C196A783C00F9F3E9 /* SampleApiCallTests.xctest */;
			productType = "com.apple.product-type.bundle.unit-test";
		};
/* End PBXNativeTarget section */

/* Begin PBXProject section */
		C0615730196A783C00F9F3E9 /* Project object */ = {
			isa = PBXProject;
			attributes = {
				LastUpgradeCheck = 0600;
				ORGANIZATIONNAME = "Thahir Maheen";
				TargetAttributes = {
					C0615737196A783C00F9F3E9 = {
						CreatedOnToolsVersion = 6.0;
					};
					C061574B196A783C00F9F3E9 = {
						CreatedOnToolsVersion = 6.0;
						TestTargetID = C0615737196A783C00F9F3E9;
					};
				};
			};
			buildConfigurationList = C0615733196A783C00F9F3E9 /* Build configuration list for PBXProject "SampleApiCall" */;
			compatibilityVersion = "Xcode 3.2";
			developmentRegion = English;
			hasScannedForEncodings = 0;
			knownRegions = (
				en,
				Base,
			);
			mainGroup = C061572F196A783C00F9F3E9;
			productRefGroup = C0615739196A783C00F9F3E9 /* Products */;
			projectDirPath = "";
			projectRoot = "";
			targets = (
				C0615737196A783C00F9F3E9 /* SampleApiCall */,
				C061574B196A783C00F9F3E9 /* SampleApiCallTests */,
			);
		};
/* End PBXProject section */

/* Begin PBXResourcesBuildPhase section */
		C0615736196A783C00F9F3E9 /* Resources */ = {
			isa = PBXResourcesBuildPhase;
			buildActionMask = 2147483647;
			files = (
				C0615745196A783C00F9F3E9 /* Main.storyboard in Resources */,
				C0615747196A783C00F9F3E9 /* Images.xcassets in Resources */,
			);
			runOnlyForDeploymentPostprocessing = 0;
		};
		C061574A196A783C00F9F3E9 /* Resources */ = {
			isa = PBXResourcesBuildPhase;
			buildActionMask = 2147483647;
			files = (
			);
			runOnlyForDeploymentPostprocessing = 0;
		};
/* End PBXResourcesBuildPhase section */

/* Begin PBXSourcesBuildPhase section */
		C0615734196A783C00F9F3E9 /* Sources */ = {
			isa = PBXSourcesBuildPhase;
			buildActionMask = 2147483647;
			files = (
				C061575D196A798000F9F3E9 /* SearchViewController.swift in Sources */,
				C061573E196A783C00F9F3E9 /* AppDelegate.swift in Sources */,
			);
			runOnlyForDeploymentPostprocessing = 0;
		};
		C0615748196A783C00F9F3E9 /* Sources */ = {
			isa = PBXSourcesBuildPhase;
			buildActionMask = 2147483647;
			files = (
				C0615753196A783C00F9F3E9 /* SampleApiCallTests.swift in Sources */,
			);
			runOnlyForDeploymentPostprocessing = 0;
		};
/* End PBXSourcesBuildPhase section */

/* Begin PBXTargetDependency section */
		C061574E196A783C00F9F3E9 /* PBXTargetDependency */ = {
			isa = PBXTargetDependency;
			target = C0615737196A783C00F9F3E9 /* SampleApiCall */;
			targetProxy = C061574D196A783C00F9F3E9 /* PBXContainerItemProxy */;
		};
/* End PBXTargetDependency section */

/* Begin PBXVariantGroup section */
		C0615743196A783C00F9F3E9 /* Main.storyboard */ = {
			isa = PBXVariantGroup;
			children = (
				C0615744196A783C00F9F3E9 /* Base */,
			);
			name = Main.storyboard;
			sourceTree = "<group>";
		};
/* End PBXVariantGroup section */

/* Begin XCBuildConfiguration section */
		C0615754196A783C00F9F3E9 /* Debug */ = {
			isa = XCBuildConfiguration;
			buildSettings = {
				ALWAYS_SEARCH_USER_PATHS = NO;
				CLANG_CXX_LANGUAGE_STANDARD = "gnu++0x";
				CLANG_CXX_LIBRARY = "libc++";
				CLANG_ENABLE_MODULES = YES;
				CLANG_ENABLE_OBJC_ARC = YES;
				CLANG_WARN_BOOL_CONVERSION = YES;
				CLANG_WARN_CONSTANT_CONVERSION = YES;
				CLANG_WARN_DIRECT_OBJC_ISA_USAGE = YES_ERROR;
				CLANG_WARN_EMPTY_BODY = YES;
				CLANG_WARN_ENUM_CONVERSION = YES;
				CLANG_WARN_INT_CONVERSION = YES;
				CLANG_WARN_OBJC_ROOT_CLASS = YES_ERROR;
				CLANG_WARN_UNREACHABLE_CODE = YES;
				CLANG_WARN__DUPLICATE_METHOD_MATCH = YES;
				"CODE_SIGN_IDENTITY[sdk=iphoneos*]" = "iPhone Developer";
				COPY_PHASE_STRIP = NO;
				ENABLE_STRICT_OBJC_MSGSEND = YES;
				GCC_C_LANGUAGE_STANDARD = gnu99;
				GCC_DYNAMIC_NO_PIC = NO;
				GCC_OPTIMIZATION_LEVEL = 0;
				GCC_PREPROCESSOR_DEFINITIONS = (
					"DEBUG=1",
					"$(inherited)",
				);
				GCC_SYMBOLS_PRIVATE_EXTERN = NO;
				GCC_WARN_64_TO_32_BIT_CONVERSION = YES;
				GCC_WARN_ABOUT_RETURN_TYPE = YES_ERROR;
				GCC_WARN_UNDECLARED_SELECTOR = YES;
				GCC_WARN_UNINITIALIZED_AUTOS = YES_AGGRESSIVE;
				GCC_WARN_UNUSED_FUNCTION = YES;
				GCC_WARN_UNUSED_VARIABLE = YES;
				IPHONEOS_DEPLOYMENT_TARGET = 8.0;
				METAL_ENABLE_DEBUG_INFO = YES;
				ONLY_ACTIVE_ARCH = YES;
				SDKROOT = iphoneos;
				SWIFT_OPTIMIZATION_LEVEL = "-Onone";
			};
			name = Debug;
		};
		C0615755196A783C00F9F3E9 /* Release */ = {
			isa = XCBuildConfiguration;
			buildSettings = {
				ALWAYS_SEARCH_USER_PATHS = NO;
				CLANG_CXX_LANGUAGE_STANDARD = "gnu++0x";
				CLANG_CXX_LIBRARY = "libc++";
				CLANG_ENABLE_MODULES = YES;
				CLANG_ENABLE_OBJC_ARC = YES;
				CLANG_WARN_BOOL_CONVERSION = YES;
				CLANG_WARN_CONSTANT_CONVERSION = YES;
				CLANG_WARN_DIRECT_OBJC_ISA_USAGE = YES_ERROR;
				CLANG_WARN_EMPTY_BODY = YES;
				CLANG_WARN_ENUM_CONVERSION = YES;
				CLANG_WARN_INT_CONVERSION = YES;
				CLANG_WARN_OBJC_ROOT_CLASS = YES_ERROR;
				CLANG_WARN_UNREACHABLE_CODE = YES;
				CLANG_WARN__DUPLICATE_METHOD_MATCH = YES;
				"CODE_SIGN_IDENTITY[sdk=iphoneos*]" = "iPhone Developer";
				COPY_PHASE_STRIP = YES;
				ENABLE_NS_ASSERTIONS = NO;
				ENABLE_STRICT_OBJC_MSGSEND = YES;
				GCC_C_LANGUAGE_STANDARD = gnu99;
				GCC_WARN_64_TO_32_BIT_CONVERSION = YES;
				GCC_WARN_ABOUT_RETURN_TYPE = YES_ERROR;
				GCC_WARN_UNDECLARED_SELECTOR = YES;
				GCC_WARN_UNINITIALIZED_AUTOS = YES_AGGRESSIVE;
				GCC_WARN_UNUSED_FUNCTION = YES;
				GCC_WARN_UNUSED_VARIABLE = YES;
				IPHONEOS_DEPLOYMENT_TARGET = 8.0;
				METAL_ENABLE_DEBUG_INFO = NO;
				SDKROOT = iphoneos;
				VALIDATE_PRODUCT = YES;
			};
			name = Release;
		};
		C0615757196A783C00F9F3E9 /* Debug */ = {
			isa = XCBuildConfiguration;
			buildSettings = {
				ASSETCATALOG_COMPILER_APPICON_NAME = AppIcon;
				ASSETCATALOG_COMPILER_LAUNCHIMAGE_NAME = LaunchImage;
				INFOPLIST_FILE = SampleApiCall/Info.plist;
				LD_RUNPATH_SEARCH_PATHS = "$(inherited) @executable_path/Frameworks";
				PRODUCT_NAME = "$(TARGET_NAME)";
			};
			name = Debug;
		};
		C0615758196A783C00F9F3E9 /* Release */ = {
			isa = XCBuildConfiguration;
			buildSettings = {
				ASSETCATALOG_COMPILER_APPICON_NAME = AppIcon;
				ASSETCATALOG_COMPILER_LAUNCHIMAGE_NAME = LaunchImage;
				INFOPLIST_FILE = SampleApiCall/Info.plist;
				LD_RUNPATH_SEARCH_PATHS = "$(inherited) @executable_path/Frameworks";
				PRODUCT_NAME = "$(TARGET_NAME)";
			};
			name = Release;
		};
		C061575A196A783C00F9F3E9 /* Debug */ = {
			isa = XCBuildConfiguration;
			buildSettings = {
				BUNDLE_LOADER = "$(BUILT_PRODUCTS_DIR)/SampleApiCall.app/SampleApiCall";
				FRAMEWORK_SEARCH_PATHS = (
					"$(SDKROOT)/Developer/Library/Frameworks",
					"$(inherited)",
				);
				GCC_PREPROCESSOR_DEFINITIONS = (
					"DEBUG=1",
					"$(inherited)",
				);
				INFOPLIST_FILE = SampleApiCallTests/Info.plist;
				LD_RUNPATH_SEARCH_PATHS = "$(inherited) @executable_path/Frameworks @loader_path/Frameworks";
				METAL_ENABLE_DEBUG_INFO = YES;
				PRODUCT_NAME = "$(TARGET_NAME)";
				TEST_HOST = "$(BUNDLE_LOADER)";
			};
			name = Debug;
		};
		C061575B196A783C00F9F3E9 /* Release */ = {
			isa = XCBuildConfiguration;
			buildSettings = {
				BUNDLE_LOADER = "$(BUILT_PRODUCTS_DIR)/SampleApiCall.app/SampleApiCall";
				FRAMEWORK_SEARCH_PATHS = (
					"$(SDKROOT)/Developer/Library/Frameworks",
					"$(inherited)",
				);
				INFOPLIST_FILE = SampleApiCallTests/Info.plist;
				LD_RUNPATH_SEARCH_PATHS = "$(inherited) @executable_path/Frameworks @loader_path/Frameworks";
				METAL_ENABLE_DEBUG_INFO = NO;
				PRODUCT_NAME = "$(TARGET_NAME)";
				TEST_HOST = "$(BUNDLE_LOADER)";
			};
			name = Release;
		};
/* End XCBuildConfiguration section */

/* Begin XCConfigurationList section */
		C0615733196A783C00F9F3E9 /* Build configuration list for PBXProject "SampleApiCall" */ = {
			isa = XCConfigurationList;
			buildConfigurations = (
				C0615754196A783C00F9F3E9 /* Debug */,
				C0615755196A783C00F9F3E9 /* Release */,
			);
			defaultConfigurationIsVisible = 0;
			defaultConfigurationName = Release;
		};
		C0615756196A783C00F9F3E9 /* Build configuration list for PBXNativeTarget "SampleApiCall" */ = {
			isa = XCConfigurationList;
			buildConfigurations = (
				C0615757196A783C00F9F3E9 /* Debug */,
				C0615758196A783C00F9F3E9 /* Release */,
			);
			defaultConfigurationIsVisible = 0;
		};
		C0615759196A783C00F9F3E9 /* Build configuration list for PBXNativeTarget "SampleApiCallTests" */ = {
			isa = XCConfigurationList;
			buildConfigurations = (
				C061575A196A783C00F9F3E9 /* Debug */,
				C061575B196A783C00F9F3E9 /* Release */,
			);
			defaultConfigurationIsVisible = 0;
		};
/* End XCConfigurationList section */
	};
	rootObject = C0615730196A783C00F9F3E9 /* Project object */;
}
